
Microsoft Visual Studio Solution File, Format Version 12.00
# Visual Studio Version 16
VisualStudioVersion = 16.0.30717.126
MinimumVisualStudioVersion = 10.0.40219.1
Project("{9A19103F-16F7-4668-BE54-9A1E7A4F7556}") = "GettingStarted", "GettingStarted.csproj", "{904264DF-A07D-41CC-A4D4-669A656AC769}"
EndProject
Global
	GlobalSection(SolutionConfigurationPlatforms) = preSolution
		Debug|Any CPU = Debug|Any CPU
		Release|Any CPU = Release|Any CPU
	EndGlobalSection
	GlobalSection(ProjectConfigurationPlatforms) = postSolution
		{904264DF-A07D-41CC-A4D4-669A656AC769}.Debug|Any CPU.ActiveCfg = Debug|Any CPU
		{904264DF-A07D-41CC-A4D4-669A656AC769}.Debug|Any CPU.Build.0 = Debug|Any CPU
		{904264DF-A07D-41CC-A4D4-669A656AC769}.Release|Any CPU.ActiveCfg = Release|Any CPU
		{904264DF-A07D-41CC-A4D4-669A656AC769}.Release|Any CPU.Build.0 = Release|Any CPU
	EndGlobalSection
	GlobalSection(SolutionProperties) = preSolution
		HideSolutionNode = FALSE
	EndGlobalSection
	GlobalSection(ExtensibilityGlobals) = postSolution
		SolutionGuid = {AD069EEA-436C-44A7-AFDE-2D49A684BF4F}
	EndGlobalSection
EndGlobal
